// !$*UTF8*$!
{
	archiveVersion = 1;
	classes = {
	};
	objectVersion = 77;
	objects = {

/* Begin PBXContainerItemProxy section */
		5E7DA07E2E54176B009B0450 /* PBXContainerItemProxy */ = {
			isa = PBXContainerItemProxy;
			containerPortal = 5E7DA0672E54176A009B0450 /* Project object */;
			proxyType = 1;
			remoteGlobalIDString = 5E7DA06E2E54176A009B0450;
			remoteInfo = YamahaVolumeChanger;
		};
		5E7DA0882E54176B009B0450 /* PBXContainerItemProxy */ = {
			isa = PBXContainerItemProxy;
			containerPortal = 5E7DA0672E54176A009B0450 /* Project object */;
			proxyType = 1;
			remoteGlobalIDString = 5E7DA06E2E54176A009B0450;
			remoteInfo = YamahaVolumeChanger;
		};
/* End PBXContainerItemProxy section */

/* Begin PBXFileReference section */
		5E7DA06F2E54176A009B0450 /* YamahaVolumeChanger.app */ = {isa = PBXFileReference; explicitFileType = wrapper.application; includeInIndex = 0; path = YamahaVolumeChanger.app; sourceTree = BUILT_PRODUCTS_DIR; };
		5E7DA07D2E54176B009B0450 /* YamahaVolumeChangerTests.xctest */ = {isa = PBXFileReference; explicitFileType = wrapper.cfbundle; includeInIndex = 0; path = YamahaVolumeChangerTests.xctest; sourceTree = BUILT_PRODUCTS_DIR; };
		5E7DA0872E54176B009B0450 /* YamahaVolumeChangerUITests.xctest */ = {isa = PBXFileReference; explicitFileType = wrapper.cfbundle; includeInIndex = 0; path = YamahaVolumeChangerUITests.xctest; sourceTree = BUILT_PRODUCTS_DIR; };
/* End PBXFileReference section */

/* Begin PBXFileSystemSynchronizedBuildFileExceptionSet section */
		5E7DA09B2E5422F6009B0450 /* Exceptions for "YamahaVolumeChanger" folder in "YamahaVolumeChanger" target */ = {
			isa = PBXFileSystemSynchronizedBuildFileExceptionSet;
			membershipExceptions = (
				Info.plist,
			);
			target = 5E7DA06E2E54176A009B0450 /* YamahaVolumeChanger */;
		};
/* End PBXFileSystemSynchronizedBuildFileExceptionSet section */

/* Begin PBXFileSystemSynchronizedRootGroup section */
		5E7DA0712E54176A009B0450 /* YamahaVolumeChanger */ = {
			isa = PBXFileSystemSynchronizedRootGroup;
			exceptions = (
				5E7DA09B2E5422F6009B0450 /* Exceptions for "YamahaVolumeChanger" folder in "YamahaVolumeChanger" target */,
			);
			path = YamahaVolumeChanger;
			sourceTree = "<group>";
		};
		5E7DA0802E54176B009B0450 /* YamahaVolumeChangerTests */ = {
			isa = PBXFileSystemSynchronizedRootGroup;
			path = YamahaVolumeChangerTests;
			sourceTree = "<group>";
		};
		5E7DA08A2E54176B009B0450 /* YamahaVolumeChangerUITests */ = {
			isa = PBXFileSystemSynchronizedRootGroup;
			path = YamahaVolumeChangerUITests;
			sourceTree = "<group>";
		};
/* End PBXFileSystemSynchronizedRootGroup section */

/* Begin PBXFrameworksBuildPhase section */
		5E7DA06C2E54176A009B0450 /* Frameworks */ = {
			isa = PBXFrameworksBuildPhase;
			buildActionMask = 2147483647;
			files = (
			);
			runOnlyForDeploymentPostprocessing = 0;
		};
		5E7DA07A2E54176B009B0450 /* Frameworks */ = {
			isa = PBXFrameworksBuildPhase;
			buildActionMask = 2147483647;
			files = (
			);
			runOnlyForDeploymentPostprocessing = 0;
		};
		5E7DA0842E54176B009B0450 /* Frameworks */ = {
			isa = PBXFrameworksBuildPhase;
			buildActionMask = 2147483647;
			files = (
			);
			runOnlyForDeploymentPostprocessing = 0;
		};
/* End PBXFrameworksBuildPhase section */

/* Begin PBXGroup section */
		5E7DA0662E54176A009B0450 = {
			isa = PBXGroup;
			children = (
				5E7DA0712E54176A009B0450 /* YamahaVolumeChanger */,
				5E7DA0802E54176B009B0450 /* YamahaVolumeChangerTests */,
				5E7DA08A2E54176B009B0450 /* YamahaVolumeChangerUITests */,
				5E7DA0702E54176A009B0450 /* Products */,
			);
			sourceTree = "<group>";
		};
		5E7DA0702E54176A009B0450 /* Products */ = {
			isa = PBXGroup;
			children = (
				5E7DA06F2E54176A009B0450 /* YamahaVolumeChanger.app */,
				5E7DA07D2E54176B009B0450 /* YamahaVolumeChangerTests.xctest */,
				5E7DA0872E54176B009B0450 /* YamahaVolumeChangerUITests.xctest */,
			);
			name = Products;
			sourceTree = "<group>";
		};
/* End PBXGroup section */

/* Begin PBXNativeTarget section */
		5E7DA06E2E54176A009B0450 /* YamahaVolumeChanger */ = {
			isa = PBXNativeTarget;
			buildConfigurationList = 5E7DA0912E54176B009B0450 /* Build configuration list for PBXNativeTarget "YamahaVolumeChanger" */;
			buildPhases = (
				5E7DA06B2E54176A009B0450 /* Sources */,
				5E7DA06C2E54176A009B0450 /* Frameworks */,
				5E7DA06D2E54176A009B0450 /* Resources */,
			);
			buildRules = (
			);
			dependencies = (
			);
			fileSystemSynchronizedGroups = (
				5E7DA0712E54176A009B0450 /* YamahaVolumeChanger */,
			);
			name = YamahaVolumeChanger;
			packageProductDependencies = (
			);
			productName = YamahaVolumeChanger;
			productReference = 5E7DA06F2E54176A009B0450 /* YamahaVolumeChanger.app */;
			productType = "com.apple.product-type.application";
		};
		5E7DA07C2E54176B009B0450 /* YamahaVolumeChangerTests */ = {
			isa = PBXNativeTarget;
			buildConfigurationList = 5E7DA0942E54176B009B0450 /* Build configuration list for PBXNativeTarget "YamahaVolumeChangerTests" */;
			buildPhases = (
				5E7DA0792E54176B009B0450 /* Sources */,
				5E7DA07A2E54176B009B0450 /* Frameworks */,
				5E7DA07B2E54176B009B0450 /* Resources */,
			);
			buildRules = (
			);
			dependencies = (
				5E7DA07F2E54176B009B0450 /* PBXTargetDependency */,
			);
			fileSystemSynchronizedGroups = (
				5E7DA0802E54176B009B0450 /* YamahaVolumeChangerTests */,
			);
			name = YamahaVolumeChangerTests;
			packageProductDependencies = (
			);
			productName = YamahaVolumeChangerTests;
			productReference = 5E7DA07D2E54176B009B0450 /* YamahaVolumeChangerTests.xctest */;
			productType = "com.apple.product-type.bundle.unit-test";
		};
		5E7DA0862E54176B009B0450 /* YamahaVolumeChangerUITests */ = {
			isa = PBXNativeTarget;
			buildConfigurationList = 5E7DA0972E54176B009B0450 /* Build configuration list for PBXNativeTarget "YamahaVolumeChangerUITests" */;
			buildPhases = (
				5E7DA0832E54176B009B0450 /* Sources */,
				5E7DA0842E54176B009B0450 /* Frameworks */,
				5E7DA0852E54176B009B0450 /* Resources */,
			);
			buildRules = (
			);
			dependencies = (
				5E7DA0892E54176B009B0450 /* PBXTargetDependency */,
			);
			fileSystemSynchronizedGroups = (
				5E7DA08A2E54176B009B0450 /* YamahaVolumeChangerUITests */,
			);
			name = YamahaVolumeChangerUITests;
			packageProductDependencies = (
			);
			productName = YamahaVolumeChangerUITests;
			productReference = 5E7DA0872E54176B009B0450 /* YamahaVolumeChangerUITests.xctest */;
			productType = "com.apple.product-type.bundle.ui-testing";
		};
/* End PBXNativeTarget section */

/* Begin PBXProject section */
		5E7DA0672E54176A009B0450 /* Project object */ = {
			isa = PBXProject;
			attributes = {
				BuildIndependentTargetsInParallel = 1;
				LastSwiftUpdateCheck = 1640;
				LastUpgradeCheck = 1640;
				TargetAttributes = {
					5E7DA06E2E54176A009B0450 = {
						CreatedOnToolsVersion = 16.4;
					};
					5E7DA07C2E54176B009B0450 = {
						CreatedOnToolsVersion = 16.4;
						TestTargetID = 5E7DA06E2E54176A009B0450;
					};
					5E7DA0862E54176B009B0450 = {
						CreatedOnToolsVersion = 16.4;
						TestTargetID = 5E7DA06E2E54176A009B0450;
					};
				};
			};
			buildConfigurationList = 5E7DA06A2E54176A009B0450 /* Build configuration list for PBXProject "YamahaVolumeChanger" */;
			developmentRegion = en;
			hasScannedForEncodings = 0;
			knownRegions = (
				en,
				Base,
			);
			mainGroup = 5E7DA0662E54176A009B0450;
			minimizedProjectReferenceProxies = 1;
			preferredProjectObjectVersion = 77;
			productRefGroup = 5E7DA0702E54176A009B0450 /* Products */;
			projectDirPath = "";
			projectRoot = "";
			targets = (
				5E7DA06E2E54176A009B0450 /* YamahaVolumeChanger */,
				5E7DA07C2E54176B009B0450 /* YamahaVolumeChangerTests */,
				5E7DA0862E54176B009B0450 /* YamahaVolumeChangerUITests */,
			);
		};
/* End PBXProject section */

/* Begin PBXResourcesBuildPhase section */
		5E7DA06D2E54176A009B0450 /* Resources */ = {
			isa = PBXResourcesBuildPhase;
			buildActionMask = 2147483647;
			files = (
			);
			runOnlyForDeploymentPostprocessing = 0;
		};
		5E7DA07B2E54176B009B0450 /* Resources */ = {
			isa = PBXResourcesBuildPhase;
			buildActionMask = 2147483647;
			files = (
			);
			runOnlyForDeploymentPostprocessing = 0;
		};
		5E7DA0852E54176B009B0450 /* Resources */ = {
			isa = PBXResourcesBuildPhase;
			buildActionMask = 2147483647;
			files = (
			);
			runOnlyForDeploymentPostprocessing = 0;
		};
/* End PBXResourcesBuildPhase section */

/* Begin PBXSourcesBuildPhase section */
		5E7DA06B2E54176A009B0450 /* Sources */ = {
			isa = PBXSourcesBuildPhase;
			buildActionMask = 2147483647;
			files = (
			);
			runOnlyForDeploymentPostprocessing = 0;
		};
		5E7DA0792E54176B009B0450 /* Sources */ = {
			isa = PBXSourcesBuildPhase;
			buildActionMask = 2147483647;
			files = (
			);
			runOnlyForDeploymentPostprocessing = 0;
		};
		5E7DA0832E54176B009B0450 /* Sources */ = {
			isa = PBXSourcesBuildPhase;
			buildActionMask = 2147483647;
			files = (
			);
			runOnlyForDeploymentPostprocessing = 0;
		};
/* End PBXSourcesBuildPhase section */

/* Begin PBXTargetDependency section */
		5E7DA07F2E54176B009B0450 /* PBXTargetDependency */ = {
			isa = PBXTargetDependency;
			target = 5E7DA06E2E54176A009B0450 /* YamahaVolumeChanger */;
			targetProxy = 5E7DA07E2E54176B009B0450 /* PBXContainerItemProxy */;
		};
		5E7DA0892E54176B009B0450 /* PBXTargetDependency */ = {
			isa = PBXTargetDependency;
			target = 5E7DA06E2E54176A009B0450 /* YamahaVolumeChanger */;
			targetProxy = 5E7DA0882E54176B009B0450 /* PBXContainerItemProxy */;
		};
/* End PBXTargetDependency section */

/* Begin XCBuildConfiguration section */
		5E7DA08F2E54176B009B0450 /* Debug */ = {
			isa = XCBuildConfiguration;
			buildSettings = {
				ALWAYS_SEARCH_USER_PATHS = NO;
				ASSETCATALOG_COMPILER_GENERATE_SWIFT_ASSET_SYMBOL_EXTENSIONS = YES;
				CLANG_ANALYZER_NONNULL = YES;
				CLANG_ANALYZER_NUMBER_OBJECT_CONVERSION = YES_AGGRESSIVE;
				CLANG_CXX_LANGUAGE_STANDARD = "gnu++20";
				CLANG_ENABLE_MODULES = YES;
				CLANG_ENABLE_OBJC_ARC = YES;
				CLANG_ENABLE_OBJC_WEAK = YES;
				CLANG_WARN_BLOCK_CAPTURE_AUTORELEASING = YES;
				CLANG_WARN_BOOL_CONVERSION = YES;
				CLANG_WARN_COMMA = YES;
				CLANG_WARN_CONSTANT_CONVERSION = YES;
				CLANG_WARN_DEPRECATED_OBJC_IMPLEMENTATIONS = YES;
				CLANG_WARN_DIRECT_OBJC_ISA_USAGE = YES_ERROR;
				CLANG_WARN_DOCUMENTATION_COMMENTS = YES;
				CLANG_WARN_EMPTY_BODY = YES;
				CLANG_WARN_ENUM_CONVERSION = YES;
				CLANG_WARN_INFINITE_RECURSION = YES;
				CLANG_WARN_INT_CONVERSION = YES;
				CLANG_WARN_NON_LITERAL_NULL_CONVERSION = YES;
				CLANG_WARN_OBJC_IMPLICIT_RETAIN_SELF = YES;
				CLANG_WARN_OBJC_LITERAL_CONVERSION = YES;
				CLANG_WARN_OBJC_ROOT_CLASS = YES_ERROR;
				CLANG_WARN_QUOTED_INCLUDE_IN_FRAMEWORK_HEADER = YES;
				CLANG_WARN_RANGE_LOOP_ANALYSIS = YES;
				CLANG_WARN_STRICT_PROTOTYPES = YES;
				CLANG_WARN_SUSPICIOUS_MOVE = YES;
				CLANG_WARN_UNGUARDED_AVAILABILITY = YES_AGGRESSIVE;
				CLANG_WARN_UNREACHABLE_CODE = YES;
				CLANG_WARN__DUPLICATE_METHOD_MATCH = YES;
				COPY_PHASE_STRIP = NO;
				DEBUG_INFORMATION_FORMAT = dwarf;
				ENABLE_STRICT_OBJC_MSGSEND = YES;
				ENABLE_TESTABILITY = YES;
				ENABLE_USER_SCRIPT_SANDBOXING = YES;
				GCC_C_LANGUAGE_STANDARD = gnu17;
				GCC_DYNAMIC_NO_PIC = NO;
				GCC_NO_COMMON_BLOCKS = YES;
				GCC_OPTIMIZATION_LEVEL = 0;
				GCC_PREPROCESSOR_DEFINITIONS = (
					"DEBUG=1",
					"$(inherited)",
				);
				GCC_WARN_64_TO_32_BIT_CONVERSION = YES;
				GCC_WARN_ABOUT_RETURN_TYPE = YES_ERROR;
				GCC_WARN_UNDECLARED_SELECTOR = YES;
				GCC_WARN_UNINITIALIZED_AUTOS = YES_AGGRESSIVE;
				GCC_WARN_UNUSED_FUNCTION = YES;
				GCC_WARN_UNUSED_VARIABLE = YES;
				LOCALIZATION_PREFERS_STRING_CATALOGS = YES;
				MACOSX_DEPLOYMENT_TARGET = 15.5;
				MTL_ENABLE_DEBUG_INFO = INCLUDE_SOURCE;
				MTL_FAST_MATH = YES;
				ONLY_ACTIVE_ARCH = YES;
				SDKROOT = macosx;
				SWIFT_ACTIVE_COMPILATION_CONDITIONS = "DEBUG $(inherited)";
				SWIFT_OPTIMIZATION_LEVEL = "-Onone";
			};
			name = Debug;
		};
		5E7DA0902E54176B009B0450 /* Release */ = {
			isa = XCBuildConfiguration;
			buildSettings = {
				ALWAYS_SEARCH_USER_PATHS = NO;
				ASSETCATALOG_COMPILER_GENERATE_SWIFT_ASSET_SYMBOL_EXTENSIONS = YES;
				CLANG_ANALYZER_NONNULL = YES;
				CLANG_ANALYZER_NUMBER_OBJECT_CONVERSION = YES_AGGRESSIVE;
				CLANG_CXX_LANGUAGE_STANDARD = "gnu++20";
				CLANG_ENABLE_MODULES = YES;
				CLANG_ENABLE_OBJC_ARC = YES;
				CLANG_ENABLE_OBJC_WEAK = YES;
				CLANG_WARN_BLOCK_CAPTURE_AUTORELEASING = YES;
				CLANG_WARN_BOOL_CONVERSION = YES;
				CLANG_WARN_COMMA = YES;
				CLANG_WARN_CONSTANT_CONVERSION = YES;
				CLANG_WARN_DEPRECATED_OBJC_IMPLEMENTATIONS = YES;
				CLANG_WARN_DIRECT_OBJC_ISA_USAGE = YES_ERROR;
				CLANG_WARN_DOCUMENTATION_COMMENTS = YES;
				CLANG_WARN_EMPTY_BODY = YES;
				CLANG_WARN_ENUM_CONVERSION = YES;
				CLANG_WARN_INFINITE_RECURSION = YES;
				CLANG_WARN_INT_CONVERSION = YES;
				CLANG_WARN_NON_LITERAL_NULL_CONVERSION = YES;
				CLANG_WARN_OBJC_IMPLICIT_RETAIN_SELF = YES;
				CLANG_WARN_OBJC_LITERAL_CONVERSION = YES;
				CLANG_WARN_OBJC_ROOT_CLASS = YES_ERROR;
				CLANG_WARN_QUOTED_INCLUDE_IN_FRAMEWORK_HEADER = YES;
				CLANG_WARN_RANGE_LOOP_ANALYSIS = YES;
				CLANG_WARN_STRICT_PROTOTYPES = YES;
				CLANG_WARN_SUSPICIOUS_MOVE = YES;
				CLANG_WARN_UNGUARDED_AVAILABILITY = YES_AGGRESSIVE;
				CLANG_WARN_UNREACHABLE_CODE = YES;
				CLANG_WARN__DUPLICATE_METHOD_MATCH = YES;
				COPY_PHASE_STRIP = NO;
				DEBUG_INFORMATION_FORMAT = "dwarf-with-dsym";
				ENABLE_NS_ASSERTIONS = NO;
				ENABLE_STRICT_OBJC_MSGSEND = YES;
				ENABLE_USER_SCRIPT_SANDBOXING = YES;
				GCC_C_LANGUAGE_STANDARD = gnu17;
				GCC_NO_COMMON_BLOCKS = YES;
				GCC_WARN_64_TO_32_BIT_CONVERSION = YES;
				GCC_WARN_ABOUT_RETURN_TYPE = YES_ERROR;
				GCC_WARN_UNDECLARED_SELECTOR = YES;
				GCC_WARN_UNINITIALIZED_AUTOS = YES_AGGRESSIVE;
				GCC_WARN_UNUSED_FUNCTION = YES;
				GCC_WARN_UNUSED_VARIABLE = YES;
				LOCALIZATION_PREFERS_STRING_CATALOGS = YES;
				MACOSX_DEPLOYMENT_TARGET = 15.5;
				MTL_ENABLE_DEBUG_INFO = NO;
				MTL_FAST_MATH = YES;
				SDKROOT = macosx;
				SWIFT_COMPILATION_MODE = wholemodule;
			};
			name = Release;
		};
		5E7DA0922E54176B009B0450 /* Debug */ = {
			isa = XCBuildConfiguration;
			buildSettings = {
				ASSETCATALOG_COMPILER_APPICON_NAME = AppIcon;
				ASSETCATALOG_COMPILER_GLOBAL_ACCENT_COLOR_NAME = AccentColor;
				CODE_SIGN_ENTITLEMENTS = YamahaVolumeChanger/YamahaVolumeChanger.entitlements;
				CODE_SIGN_STYLE = Automatic;
				COMBINE_HIDPI_IMAGES = YES;
				CURRENT_PROJECT_VERSION = 1;
				ENABLE_PREVIEWS = YES;
				GENERATE_INFOPLIST_FILE = YES;
				INFOPLIST_FILE = YamahaVolumeChanger/Info.plist;
				INFOPLIST_KEY_CFBundleDisplayName = "";
				INFOPLIST_KEY_LSApplicationCategoryType = "";
				INFOPLIST_KEY_LSUIElement = YES;
				INFOPLIST_KEY_NSHumanReadableCopyright = "";
				LD_RUNPATH_SEARCH_PATHS = (
					"$(inherited)",
					"@executable_path/../Frameworks",
				);
				MACOSX_DEPLOYMENT_TARGET = 12.4;
				MARKETING_VERSION = 1.0;
				PRODUCT_BUNDLE_IDENTIFIER = planaria.YamahaVolumeChanger;
				PRODUCT_NAME = "$(TARGET_NAME)";
				REGISTER_APP_GROUPS = YES;
				SWIFT_EMIT_LOC_STRINGS = YES;
				SWIFT_VERSION = 5.0;
			};
			name = Debug;
		};
		5E7DA0932E54176B009B0450 /* Release */ = {
			isa = XCBuildConfiguration;
			buildSettings = {
				ASSETCATALOG_COMPILER_APPICON_NAME = AppIcon;
				ASSETCATALOG_COMPILER_GLOBAL_ACCENT_COLOR_NAME = AccentColor;
				CODE_SIGN_ENTITLEMENTS = YamahaVolumeChanger/YamahaVolumeChanger.entitlements;
				CODE_SIGN_STYLE = Automatic;
				COMBINE_HIDPI_IMAGES = YES;
				CURRENT_PROJECT_VERSION = 1;
				ENABLE_PREVIEWS = YES;
				GENERATE_INFOPLIST_FILE = YES;
				INFOPLIST_FILE = YamahaVolumeChanger/Info.plist;
				INFOPLIST_KEY_CFBundleDisplayName = "";
				INFOPLIST_KEY_LSApplicationCategoryType = "";
				INFOPLIST_KEY_LSUIElement = YES;
				INFOPLIST_KEY_NSHumanReadableCopyright = "";
				LD_RUNPATH_SEARCH_PATHS = (
					"$(inherited)",
					"@executable_path/../Frameworks",
				);
				MACOSX_DEPLOYMENT_TARGET = 12.4;
				MARKETING_VERSION = 1.0;
				PRODUCT_BUNDLE_IDENTIFIER = planaria.YamahaVolumeChanger;
				PRODUCT_NAME = "$(TARGET_NAME)";
				REGISTER_APP_GROUPS = YES;
				SWIFT_EMIT_LOC_STRINGS = YES;
				SWIFT_VERSION = 5.0;
			};
			name = Release;
		};
		5E7DA0952E54176B009B0450 /* Debug */ = {
			isa = XCBuildConfiguration;
			buildSettings = {
				BUNDLE_LOADER = "$(TEST_HOST)";
				CODE_SIGN_STYLE = Automatic;
				CURRENT_PROJECT_VERSION = 1;
				GENERATE_INFOPLIST_FILE = YES;
				MACOSX_DEPLOYMENT_TARGET = 15.5;
				MARKETING_VERSION = 1.0;
				PRODUCT_BUNDLE_IDENTIFIER = planaria.YamahaVolumeChangerTests;
				PRODUCT_NAME = "$(TARGET_NAME)";
				SWIFT_EMIT_LOC_STRINGS = NO;
				SWIFT_VERSION = 5.0;
				TEST_HOST = "$(BUILT_PRODUCTS_DIR)/YamahaVolumeChanger.app/$(BUNDLE_EXECUTABLE_FOLDER_PATH)/YamahaVolumeChanger";
			};
			name = Debug;
		};
		5E7DA0962E54176B009B0450 /* Release */ = {
			isa = XCBuildConfiguration;
			buildSettings = {
				BUNDLE_LOADER = "$(TEST_HOST)";
				CODE_SIGN_STYLE = Automatic;
				CURRENT_PROJECT_VERSION = 1;
				GENERATE_INFOPLIST_FILE = YES;
				MACOSX_DEPLOYMENT_TARGET = 15.5;
				MARKETING_VERSION = 1.0;
				PRODUCT_BUNDLE_IDENTIFIER = planaria.YamahaVolumeChangerTests;
				PRODUCT_NAME = "$(TARGET_NAME)";
				SWIFT_EMIT_LOC_STRINGS = NO;
				SWIFT_VERSION = 5.0;
				TEST_HOST = "$(BUILT_PRODUCTS_DIR)/YamahaVolumeChanger.app/$(BUNDLE_EXECUTABLE_FOLDER_PATH)/YamahaVolumeChanger";
			};
			name = Release;
		};
		5E7DA0982E54176B009B0450 /* Debug */ = {
			isa = XCBuildConfiguration;
			buildSettings = {
				CODE_SIGN_STYLE = Automatic;
				CURRENT_PROJECT_VERSION = 1;
				GENERATE_INFOPLIST_FILE = YES;
				MARKETING_VERSION = 1.0;
				PRODUCT_BUNDLE_IDENTIFIER = planaria.YamahaVolumeChangerUITests;
				PRODUCT_NAME = "$(TARGET_NAME)";
				SWIFT_EMIT_LOC_STRINGS = NO;
				SWIFT_VERSION = 5.0;
				TEST_TARGET_NAME = YamahaVolumeChanger;
			};
			name = Debug;
		};
		5E7DA0992E54176B009B0450 /* Release */ = {
			isa = XCBuildConfiguration;
			buildSettings = {
				CODE_SIGN_STYLE = Automatic;
				CURRENT_PROJECT_VERSION = 1;
				GENERATE_INFOPLIST_FILE = YES;
				MARKETING_VERSION = 1.0;
				PRODUCT_BUNDLE_IDENTIFIER = planaria.YamahaVolumeChangerUITests;
				PRODUCT_NAME = "$(TARGET_NAME)";
				SWIFT_EMIT_LOC_STRINGS = NO;
				SWIFT_VERSION = 5.0;
				TEST_TARGET_NAME = YamahaVolumeChanger;
			};
			name = Release;
		};
/* End XCBuildConfiguration section */

/* Begin XCConfigurationList section */
		5E7DA06A2E54176A009B0450 /* Build configuration list for PBXProject "YamahaVolumeChanger" */ = {
			isa = XCConfigurationList;
			buildConfigurations = (
				5E7DA08F2E54176B009B0450 /* Debug */,
				5E7DA0902E54176B009B0450 /* Release */,
			);
			defaultConfigurationIsVisible = 0;
			defaultConfigurationName = Release;
		};
		5E7DA0912E54176B009B0450 /* Build configuration list for PBXNativeTarget "YamahaVolumeChanger" */ = {
			isa = XCConfigurationList;
			buildConfigurations = (
				5E7DA0922E54176B009B0450 /* Debug */,
				5E7DA0932E54176B009B0450 /* Release */,
			);
			defaultConfigurationIsVisible = 0;
			defaultConfigurationName = Release;
		};
		5E7DA0942E54176B009B0450 /* Build configuration list for PBXNativeTarget "YamahaVolumeChangerTests" */ = {
			isa = XCConfigurationList;
			buildConfigurations = (
				5E7DA0952E54176B009B0450 /* Debug */,
				5E7DA0962E54176B009B0450 /* Release */,
			);
			defaultConfigurationIsVisible = 0;
			defaultConfigurationName = Release;
		};
		5E7DA0972E54176B009B0450 /* Build configuration list for PBXNativeTarget "YamahaVolumeChangerUITests" */ = {
			isa = XCConfigurationList;
			buildConfigurations = (
				5E7DA0982E54176B009B0450 /* Debug */,
				5E7DA0992E54176B009B0450 /* Release */,
			);
			defaultConfigurationIsVisible = 0;
			defaultConfigurationName = Release;
		};
/* End XCConfigurationList section */
	};
	rootObject = 5E7DA0672E54176A009B0450 /* Project object */;
}
